// !$*UTF8*$!
{
	archiveVersion = 1;
	classes = {
	};
	objectVersion = 56;
	objects = {

/* Begin PBXBuildFile section */
		1C50B8E8312F1E05938425C7 /* Pods_workshop_swift_ig_clone.framework in Frameworks */ = {isa = PBXBuildFile; fileRef = EC57C26655D3634EA94DE883 /* Pods_workshop_swift_ig_clone.framework */; };
		C08E6140299418D300AD5B80 /* OneSignalCore.xcframework in Frameworks */ = {isa = PBXBuildFile; fileRef = C08E613F299418D300AD5B80 /* OneSignalCore.xcframework */; };
		C08E6141299418D300AD5B80 /* OneSignalCore.xcframework in Embed Frameworks */ = {isa = PBXBuildFile; fileRef = C08E613F299418D300AD5B80 /* OneSignalCore.xcframework */; settings = {ATTRIBUTES = (CodeSignOnCopy, RemoveHeadersOnCopy, ); }; };
		C08E6144299418DB00AD5B80 /* OneSignalOutcomes.xcframework in Frameworks */ = {isa = PBXBuildFile; fileRef = C08E6143299418DB00AD5B80 /* OneSignalOutcomes.xcframework */; };
		C08E6145299418DB00AD5B80 /* OneSignalOutcomes.xcframework in Embed Frameworks */ = {isa = PBXBuildFile; fileRef = C08E6143299418DB00AD5B80 /* OneSignalOutcomes.xcframework */; settings = {ATTRIBUTES = (CodeSignOnCopy, RemoveHeadersOnCopy, ); }; };
		C0B71EF729927F9500FB3026 /* FeedCell.swift in Sources */ = {isa = PBXBuildFile; fileRef = C0B71EF629927F9500FB3026 /* FeedCell.swift */; };
		C0B8FF5C29903B28005ACBE1 /* FeedViewController.swift in Sources */ = {isa = PBXBuildFile; fileRef = C0B8FF5B29903B28005ACBE1 /* FeedViewController.swift */; };
		C0B8FF5E29903B35005ACBE1 /* UploadViewController.swift in Sources */ = {isa = PBXBuildFile; fileRef = C0B8FF5D29903B35005ACBE1 /* UploadViewController.swift */; };
		C0B8FF6029903B51005ACBE1 /* SettingsViewController.swift in Sources */ = {isa = PBXBuildFile; fileRef = C0B8FF5F29903B51005ACBE1 /* SettingsViewController.swift */; };
		C0C995B72989982D0048ED63 /* AppDelegate.swift in Sources */ = {isa = PBXBuildFile; fileRef = C0C995B62989982D0048ED63 /* AppDelegate.swift */; };
		C0C995B92989982D0048ED63 /* SceneDelegate.swift in Sources */ = {isa = PBXBuildFile; fileRef = C0C995B82989982D0048ED63 /* SceneDelegate.swift */; };
		C0C995BB2989982D0048ED63 /* ViewController.swift in Sources */ = {isa = PBXBuildFile; fileRef = C0C995BA2989982D0048ED63 /* ViewController.swift */; };
		C0C995BE2989982D0048ED63 /* Main.storyboard in Resources */ = {isa = PBXBuildFile; fileRef = C0C995BC2989982D0048ED63 /* Main.storyboard */; };
		C0C995C02989982F0048ED63 /* Assets.xcassets in Resources */ = {isa = PBXBuildFile; fileRef = C0C995BF2989982F0048ED63 /* Assets.xcassets */; };
		C0C995C32989982F0048ED63 /* LaunchScreen.storyboard in Resources */ = {isa = PBXBuildFile; fileRef = C0C995C12989982F0048ED63 /* LaunchScreen.storyboard */; };
		C0C995CB29899B830048ED63 /* GoogleService-Info.plist in Resources */ = {isa = PBXBuildFile; fileRef = C0C995CA29899B830048ED63 /* GoogleService-Info.plist */; };
		C0D7E1552993DC79006FE85C /* NotificationService.swift in Sources */ = {isa = PBXBuildFile; fileRef = C0D7E1542993DC79006FE85C /* NotificationService.swift */; };
		C0D7E1592993DC79006FE85C /* OneSignalNotificationServiceExtension.appex in Embed Foundation Extensions */ = {isa = PBXBuildFile; fileRef = C0D7E1522993DC79006FE85C /* OneSignalNotificationServiceExtension.appex */; settings = {ATTRIBUTES = (RemoveHeadersOnCopy, ); }; };
		D156351A9D5B6D81D535F849 /* Pods_workshop_swift_ig_clone_OneSignalNotificationServiceExtension.framework in Frameworks */ = {isa = PBXBuildFile; fileRef = 73C3FFA29623BEEDFE083CD8 /* Pods_workshop_swift_ig_clone_OneSignalNotificationServiceExtension.framework */; };
/* End PBXBuildFile section */

/* Begin PBXContainerItemProxy section */
		C0D7E1572993DC79006FE85C /* PBXContainerItemProxy */ = {
			isa = PBXContainerItemProxy;
			containerPortal = C0C995AB2989982D0048ED63 /* Project object */;
			proxyType = 1;
			remoteGlobalIDString = C0D7E1512993DC79006FE85C;
			remoteInfo = OneSignalNotificationServiceExtension;
		};
/* End PBXContainerItemProxy section */

/* Begin PBXCopyFilesBuildPhase section */
		C08E6142299418D300AD5B80 /* Embed Frameworks */ = {
			isa = PBXCopyFilesBuildPhase;
			buildActionMask = 2147483647;
			dstPath = "";
			dstSubfolderSpec = 10;
			files = (
				C08E6141299418D300AD5B80 /* OneSignalCore.xcframework in Embed Frameworks */,
				C08E6145299418DB00AD5B80 /* OneSignalOutcomes.xcframework in Embed Frameworks */,
			);
			name = "Embed Frameworks";
			runOnlyForDeploymentPostprocessing = 0;
		};
		C0D7E15A2993DC79006FE85C /* Embed Foundation Extensions */ = {
			isa = PBXCopyFilesBuildPhase;
			buildActionMask = 2147483647;
			dstPath = "";
			dstSubfolderSpec = 13;
			files = (
				C0D7E1592993DC79006FE85C /* OneSignalNotificationServiceExtension.appex in Embed Foundation Extensions */,
			);
			name = "Embed Foundation Extensions";
			runOnlyForDeploymentPostprocessing = 0;
		};
/* End PBXCopyFilesBuildPhase section */

/* Begin PBXFileReference section */
		0EBCA799C2F8C90F2F815D08 /* Pods-workshop_swift_ig_clone-OneSignalNotificationServiceExtension.release.xcconfig */ = {isa = PBXFileReference; includeInIndex = 1; lastKnownFileType = text.xcconfig; name = "Pods-workshop_swift_ig_clone-OneSignalNotificationServiceExtension.release.xcconfig"; path = "Target Support Files/Pods-workshop_swift_ig_clone-OneSignalNotificationServiceExtension/Pods-workshop_swift_ig_clone-OneSignalNotificationServiceExtension.release.xcconfig"; sourceTree = "<group>"; };
		33DF6E8CC6D0BB1D116BF72B /* Pods-workshop_swift_ig_clone.debug.xcconfig */ = {isa = PBXFileReference; includeInIndex = 1; lastKnownFileType = text.xcconfig; name = "Pods-workshop_swift_ig_clone.debug.xcconfig"; path = "Target Support Files/Pods-workshop_swift_ig_clone/Pods-workshop_swift_ig_clone.debug.xcconfig"; sourceTree = "<group>"; };
		73C3FFA29623BEEDFE083CD8 /* Pods_workshop_swift_ig_clone_OneSignalNotificationServiceExtension.framework */ = {isa = PBXFileReference; explicitFileType = wrapper.framework; includeInIndex = 0; path = Pods_workshop_swift_ig_clone_OneSignalNotificationServiceExtension.framework; sourceTree = BUILT_PRODUCTS_DIR; };
		90241E5CDDF5FA374EF65698 /* Pods-workshop_swift_ig_clone.release.xcconfig */ = {isa = PBXFileReference; includeInIndex = 1; lastKnownFileType = text.xcconfig; name = "Pods-workshop_swift_ig_clone.release.xcconfig"; path = "Target Support Files/Pods-workshop_swift_ig_clone/Pods-workshop_swift_ig_clone.release.xcconfig"; sourceTree = "<group>"; };
		9ECF8DF63A8DDE09F11B1D5C /* Pods-workshop_swift_ig_clone-OneSignalNotificationServiceExtension.debug.xcconfig */ = {isa = PBXFileReference; includeInIndex = 1; lastKnownFileType = text.xcconfig; name = "Pods-workshop_swift_ig_clone-OneSignalNotificationServiceExtension.debug.xcconfig"; path = "Target Support Files/Pods-workshop_swift_ig_clone-OneSignalNotificationServiceExtension/Pods-workshop_swift_ig_clone-OneSignalNotificationServiceExtension.debug.xcconfig"; sourceTree = "<group>"; };
		C08E613B2994181500AD5B80 /* OneSignal.xcframework */ = {isa = PBXFileReference; lastKnownFileType = wrapper.xcframework; name = OneSignal.xcframework; path = Pods/OneSignalXCFramework/iOS_SDK/OneSignalSDK/OneSignal_XCFramework/OneSignal.xcframework; sourceTree = "<group>"; };
		C08E613F299418D300AD5B80 /* OneSignalCore.xcframework */ = {isa = PBXFileReference; lastKnownFileType = wrapper.xcframework; name = OneSignalCore.xcframework; path = Pods/OneSignalXCFramework/iOS_SDK/OneSignalSDK/OneSignal_Core/OneSignalCore.xcframework; sourceTree = "<group>"; };
		C08E6143299418DB00AD5B80 /* OneSignalOutcomes.xcframework */ = {isa = PBXFileReference; lastKnownFileType = wrapper.xcframework; name = OneSignalOutcomes.xcframework; path = Pods/OneSignalXCFramework/iOS_SDK/OneSignalSDK/OneSignal_Outcomes/OneSignalOutcomes.xcframework; sourceTree = "<group>"; };
		C0B71EF629927F9500FB3026 /* FeedCell.swift */ = {isa = PBXFileReference; lastKnownFileType = sourcecode.swift; path = FeedCell.swift; sourceTree = "<group>"; };
		C0B8FF5B29903B28005ACBE1 /* FeedViewController.swift */ = {isa = PBXFileReference; lastKnownFileType = sourcecode.swift; path = FeedViewController.swift; sourceTree = "<group>"; };
		C0B8FF5D29903B35005ACBE1 /* UploadViewController.swift */ = {isa = PBXFileReference; lastKnownFileType = sourcecode.swift; path = UploadViewController.swift; sourceTree = "<group>"; };
		C0B8FF5F29903B51005ACBE1 /* SettingsViewController.swift */ = {isa = PBXFileReference; lastKnownFileType = sourcecode.swift; path = SettingsViewController.swift; sourceTree = "<group>"; };
		C0C995B32989982D0048ED63 /* workshop_swift_ig_clone.app */ = {isa = PBXFileReference; explicitFileType = wrapper.application; includeInIndex = 0; path = workshop_swift_ig_clone.app; sourceTree = BUILT_PRODUCTS_DIR; };
		C0C995B62989982D0048ED63 /* AppDelegate.swift */ = {isa = PBXFileReference; lastKnownFileType = sourcecode.swift; path = AppDelegate.swift; sourceTree = "<group>"; };
		C0C995B82989982D0048ED63 /* SceneDelegate.swift */ = {isa = PBXFileReference; lastKnownFileType = sourcecode.swift; path = SceneDelegate.swift; sourceTree = "<group>"; };
		C0C995BA2989982D0048ED63 /* ViewController.swift */ = {isa = PBXFileReference; lastKnownFileType = sourcecode.swift; path = ViewController.swift; sourceTree = "<group>"; };
		C0C995BD2989982D0048ED63 /* Base */ = {isa = PBXFileReference; lastKnownFileType = file.storyboard; name = Base; path = Base.lproj/Main.storyboard; sourceTree = "<group>"; };
		C0C995BF2989982F0048ED63 /* Assets.xcassets */ = {isa = PBXFileReference; lastKnownFileType = folder.assetcatalog; path = Assets.xcassets; sourceTree = "<group>"; };
		C0C995C22989982F0048ED63 /* Base */ = {isa = PBXFileReference; lastKnownFileType = file.storyboard; name = Base; path = Base.lproj/LaunchScreen.storyboard; sourceTree = "<group>"; };
		C0C995C42989982F0048ED63 /* Info.plist */ = {isa = PBXFileReference; lastKnownFileType = text.plist.xml; path = Info.plist; sourceTree = "<group>"; };
		C0C995CA29899B830048ED63 /* GoogleService-Info.plist */ = {isa = PBXFileReference; fileEncoding = 4; lastKnownFileType = text.plist.xml; path = "GoogleService-Info.plist"; sourceTree = "<group>"; };
		C0D7E1522993DC79006FE85C /* OneSignalNotificationServiceExtension.appex */ = {isa = PBXFileReference; explicitFileType = "wrapper.app-extension"; includeInIndex = 0; path = OneSignalNotificationServiceExtension.appex; sourceTree = BUILT_PRODUCTS_DIR; };
		C0D7E1542993DC79006FE85C /* NotificationService.swift */ = {isa = PBXFileReference; lastKnownFileType = sourcecode.swift; path = NotificationService.swift; sourceTree = "<group>"; };
		C0D7E1562993DC79006FE85C /* Info.plist */ = {isa = PBXFileReference; lastKnownFileType = text.plist.xml; path = Info.plist; sourceTree = "<group>"; };
		C0FD6F3E2993DEC4001659AC /* OneSignalNotificationServiceExtension.entitlements */ = {isa = PBXFileReference; lastKnownFileType = text.plist.entitlements; path = OneSignalNotificationServiceExtension.entitlements; sourceTree = "<group>"; };
		C0FD6F3F2993DF26001659AC /* workshop_swift_ig_clone.entitlements */ = {isa = PBXFileReference; lastKnownFileType = text.plist.entitlements; path = workshop_swift_ig_clone.entitlements; sourceTree = "<group>"; };
		EC57C26655D3634EA94DE883 /* Pods_workshop_swift_ig_clone.framework */ = {isa = PBXFileReference; explicitFileType = wrapper.framework; includeInIndex = 0; path = Pods_workshop_swift_ig_clone.framework; sourceTree = BUILT_PRODUCTS_DIR; };
/* End PBXFileReference section */

/* Begin PBXFrameworksBuildPhase section */
		C0C995B02989982D0048ED63 /* Frameworks */ = {
			isa = PBXFrameworksBuildPhase;
			buildActionMask = 2147483647;
			files = (
				C08E6144299418DB00AD5B80 /* OneSignalOutcomes.xcframework in Frameworks */,
				1C50B8E8312F1E05938425C7 /* Pods_workshop_swift_ig_clone.framework in Frameworks */,
				C08E6140299418D300AD5B80 /* OneSignalCore.xcframework in Frameworks */,
			);
			runOnlyForDeploymentPostprocessing = 0;
		};
		C0D7E14F2993DC79006FE85C /* Frameworks */ = {
			isa = PBXFrameworksBuildPhase;
			buildActionMask = 2147483647;
			files = (
				D156351A9D5B6D81D535F849 /* Pods_workshop_swift_ig_clone_OneSignalNotificationServiceExtension.framework in Frameworks */,
			);
			runOnlyForDeploymentPostprocessing = 0;
		};
/* End PBXFrameworksBuildPhase section */

/* Begin PBXGroup section */
		752280B56FDBF9377613D1C2 /* Frameworks */ = {
			isa = PBXGroup;
			children = (
				C08E6143299418DB00AD5B80 /* OneSignalOutcomes.xcframework */,
				C08E613F299418D300AD5B80 /* OneSignalCore.xcframework */,
				C08E613B2994181500AD5B80 /* OneSignal.xcframework */,
				EC57C26655D3634EA94DE883 /* Pods_workshop_swift_ig_clone.framework */,
				73C3FFA29623BEEDFE083CD8 /* Pods_workshop_swift_ig_clone_OneSignalNotificationServiceExtension.framework */,
			);
			name = Frameworks;
			sourceTree = "<group>";
		};
		93292479D85135719C8D728C /* Pods */ = {
			isa = PBXGroup;
			children = (
				33DF6E8CC6D0BB1D116BF72B /* Pods-workshop_swift_ig_clone.debug.xcconfig */,
				90241E5CDDF5FA374EF65698 /* Pods-workshop_swift_ig_clone.release.xcconfig */,
				9ECF8DF63A8DDE09F11B1D5C /* Pods-workshop_swift_ig_clone-OneSignalNotificationServiceExtension.debug.xcconfig */,
				0EBCA799C2F8C90F2F815D08 /* Pods-workshop_swift_ig_clone-OneSignalNotificationServiceExtension.release.xcconfig */,
			);
			path = Pods;
			sourceTree = "<group>";
		};
		C0C995AA2989982D0048ED63 = {
			isa = PBXGroup;
			children = (
				C0C995B52989982D0048ED63 /* workshop_swift_ig_clone */,
				C0D7E1532993DC79006FE85C /* OneSignalNotificationServiceExtension */,
				C0C995B42989982D0048ED63 /* Products */,
				93292479D85135719C8D728C /* Pods */,
				752280B56FDBF9377613D1C2 /* Frameworks */,
			);
			sourceTree = "<group>";
		};
		C0C995B42989982D0048ED63 /* Products */ = {
			isa = PBXGroup;
			children = (
				C0C995B32989982D0048ED63 /* workshop_swift_ig_clone.app */,
				C0D7E1522993DC79006FE85C /* OneSignalNotificationServiceExtension.appex */,
			);
			name = Products;
			sourceTree = "<group>";
		};
		C0C995B52989982D0048ED63 /* workshop_swift_ig_clone */ = {
			isa = PBXGroup;
			children = (
				C0FD6F3F2993DF26001659AC /* workshop_swift_ig_clone.entitlements */,
				C0C995B62989982D0048ED63 /* AppDelegate.swift */,
				C0C995B82989982D0048ED63 /* SceneDelegate.swift */,
				C0C995CA29899B830048ED63 /* GoogleService-Info.plist */,
				C0C995BA2989982D0048ED63 /* ViewController.swift */,
				C0C995BC2989982D0048ED63 /* Main.storyboard */,
				C0C995BF2989982F0048ED63 /* Assets.xcassets */,
				C0C995C12989982F0048ED63 /* LaunchScreen.storyboard */,
				C0C995C42989982F0048ED63 /* Info.plist */,
				C0B8FF5B29903B28005ACBE1 /* FeedViewController.swift */,
				C0B8FF5D29903B35005ACBE1 /* UploadViewController.swift */,
				C0B8FF5F29903B51005ACBE1 /* SettingsViewController.swift */,
				C0B71EF629927F9500FB3026 /* FeedCell.swift */,
			);
			path = workshop_swift_ig_clone;
			sourceTree = "<group>";
		};
		C0D7E1532993DC79006FE85C /* OneSignalNotificationServiceExtension */ = {
			isa = PBXGroup;
			children = (
				C0FD6F3E2993DEC4001659AC /* OneSignalNotificationServiceExtension.entitlements */,
				C0D7E1542993DC79006FE85C /* NotificationService.swift */,
				C0D7E1562993DC79006FE85C /* Info.plist */,
			);
			path = OneSignalNotificationServiceExtension;
			sourceTree = "<group>";
		};
/* End PBXGroup section */

/* Begin PBXNativeTarget section */
		C0C995B22989982D0048ED63 /* workshop_swift_ig_clone */ = {
			isa = PBXNativeTarget;
			buildConfigurationList = C0C995C72989982F0048ED63 /* Build configuration list for PBXNativeTarget "workshop_swift_ig_clone" */;
			buildPhases = (
				1871940ACE3D7F6CBBCBC10A /* [CP] Check Pods Manifest.lock */,
				C0C995AF2989982D0048ED63 /* Sources */,
				C0C995B02989982D0048ED63 /* Frameworks */,
				C0C995B12989982D0048ED63 /* Resources */,
				2745F0B935F0E310CF4E00C1 /* [CP] Embed Pods Frameworks */,
				C0D7E15A2993DC79006FE85C /* Embed Foundation Extensions */,
				C08E6142299418D300AD5B80 /* Embed Frameworks */,
			);
			buildRules = (
			);
			dependencies = (
				C0D7E1582993DC79006FE85C /* PBXTargetDependency */,
			);
			name = workshop_swift_ig_clone;
			productName = workshop_swift_ig_clone;
			productReference = C0C995B32989982D0048ED63 /* workshop_swift_ig_clone.app */;
			productType = "com.apple.product-type.application";
		};
		C0D7E1512993DC79006FE85C /* OneSignalNotificationServiceExtension */ = {
			isa = PBXNativeTarget;
			buildConfigurationList = C0D7E15D2993DC79006FE85C /* Build configuration list for PBXNativeTarget "OneSignalNotificationServiceExtension" */;
			buildPhases = (
				5B7ACA78903812D088CA096B /* [CP] Check Pods Manifest.lock */,
				C0D7E14E2993DC79006FE85C /* Sources */,
				C0D7E14F2993DC79006FE85C /* Frameworks */,
				C0D7E1502993DC79006FE85C /* Resources */,
			);
			buildRules = (
			);
			dependencies = (
			);
			name = OneSignalNotificationServiceExtension;
			productName = OneSignalNotificationServiceExtension;
			productReference = C0D7E1522993DC79006FE85C /* OneSignalNotificationServiceExtension.appex */;
			productType = "com.apple.product-type.app-extension";
		};
/* End PBXNativeTarget section */

/* Begin PBXProject section */
		C0C995AB2989982D0048ED63 /* Project object */ = {
			isa = PBXProject;
			attributes = {
				BuildIndependentTargetsInParallel = 1;
				LastSwiftUpdateCheck = 1420;
				LastUpgradeCheck = 1420;
				TargetAttributes = {
					C0C995B22989982D0048ED63 = {
						CreatedOnToolsVersion = 14.2;
					};
					C0D7E1512993DC79006FE85C = {
						CreatedOnToolsVersion = 14.2;
					};
				};
			};
			buildConfigurationList = C0C995AE2989982D0048ED63 /* Build configuration list for PBXProject "workshop_swift_ig_clone" */;
			compatibilityVersion = "Xcode 14.0";
			developmentRegion = en;
			hasScannedForEncodings = 0;
			knownRegions = (
				en,
				Base,
			);
			mainGroup = C0C995AA2989982D0048ED63;
			productRefGroup = C0C995B42989982D0048ED63 /* Products */;
			projectDirPath = "";
			projectRoot = "";
			targets = (
				C0C995B22989982D0048ED63 /* workshop_swift_ig_clone */,
				C0D7E1512993DC79006FE85C /* OneSignalNotificationServiceExtension */,
			);
		};
/* End PBXProject section */

/* Begin PBXResourcesBuildPhase section */
		C0C995B12989982D0048ED63 /* Resources */ = {
			isa = PBXResourcesBuildPhase;
			buildActionMask = 2147483647;
			files = (
				C0C995C32989982F0048ED63 /* LaunchScreen.storyboard in Resources */,
				C0C995CB29899B830048ED63 /* GoogleService-Info.plist in Resources */,
				C0C995C02989982F0048ED63 /* Assets.xcassets in Resources */,
				C0C995BE2989982D0048ED63 /* Main.storyboard in Resources */,
			);
			runOnlyForDeploymentPostprocessing = 0;
		};
		C0D7E1502993DC79006FE85C /* Resources */ = {
			isa = PBXResourcesBuildPhase;
			buildActionMask = 2147483647;
			files = (
			);
			runOnlyForDeploymentPostprocessing = 0;
		};
/* End PBXResourcesBuildPhase section */

/* Begin PBXShellScriptBuildPhase section */
		1871940ACE3D7F6CBBCBC10A /* [CP] Check Pods Manifest.lock */ = {
			isa = PBXShellScriptBuildPhase;
			buildActionMask = 2147483647;
			files = (
			);
			inputFileListPaths = (
			);
			inputPaths = (
				"${PODS_PODFILE_DIR_PATH}/Podfile.lock",
				"${PODS_ROOT}/Manifest.lock",
			);
			name = "[CP] Check Pods Manifest.lock";
			outputFileListPaths = (
			);
			outputPaths = (
				"$(DERIVED_FILE_DIR)/Pods-workshop_swift_ig_clone-checkManifestLockResult.txt",
			);
			runOnlyForDeploymentPostprocessing = 0;
			shellPath = /bin/sh;
			shellScript = "diff \"${PODS_PODFILE_DIR_PATH}/Podfile.lock\" \"${PODS_ROOT}/Manifest.lock\" > /dev/null\nif [ $? != 0 ] ; then\n    # print error to STDERR\n    echo \"error: The sandbox is not in sync with the Podfile.lock. Run 'pod install' or update your CocoaPods installation.\" >&2\n    exit 1\nfi\n# This output is used by Xcode 'outputs' to avoid re-running this script phase.\necho \"SUCCESS\" > \"${SCRIPT_OUTPUT_FILE_0}\"\n";
			showEnvVarsInLog = 0;
		};
		2745F0B935F0E310CF4E00C1 /* [CP] Embed Pods Frameworks */ = {
			isa = PBXShellScriptBuildPhase;
			buildActionMask = 2147483647;
			files = (
			);
			inputFileListPaths = (
				"${PODS_ROOT}/Target Support Files/Pods-workshop_swift_ig_clone/Pods-workshop_swift_ig_clone-frameworks-${CONFIGURATION}-input-files.xcfilelist",
			);
			name = "[CP] Embed Pods Frameworks";
			outputFileListPaths = (
				"${PODS_ROOT}/Target Support Files/Pods-workshop_swift_ig_clone/Pods-workshop_swift_ig_clone-frameworks-${CONFIGURATION}-output-files.xcfilelist",
			);
			runOnlyForDeploymentPostprocessing = 0;
			shellPath = /bin/sh;
			shellScript = "\"${PODS_ROOT}/Target Support Files/Pods-workshop_swift_ig_clone/Pods-workshop_swift_ig_clone-frameworks.sh\"\n";
			showEnvVarsInLog = 0;
		};
		5B7ACA78903812D088CA096B /* [CP] Check Pods Manifest.lock */ = {
			isa = PBXShellScriptBuildPhase;
			buildActionMask = 2147483647;
			files = (
			);
			inputFileListPaths = (
			);
			inputPaths = (
				"${PODS_PODFILE_DIR_PATH}/Podfile.lock",
				"${PODS_ROOT}/Manifest.lock",
			);
			name = "[CP] Check Pods Manifest.lock";
			outputFileListPaths = (
			);
			outputPaths = (
				"$(DERIVED_FILE_DIR)/Pods-workshop_swift_ig_clone-OneSignalNotificationServiceExtension-checkManifestLockResult.txt",
			);
			runOnlyForDeploymentPostprocessing = 0;
			shellPath = /bin/sh;
			shellScript = "diff \"${PODS_PODFILE_DIR_PATH}/Podfile.lock\" \"${PODS_ROOT}/Manifest.lock\" > /dev/null\nif [ $? != 0 ] ; then\n    # print error to STDERR\n    echo \"error: The sandbox is not in sync with the Podfile.lock. Run 'pod install' or update your CocoaPods installation.\" >&2\n    exit 1\nfi\n# This output is used by Xcode 'outputs' to avoid re-running this script phase.\necho \"SUCCESS\" > \"${SCRIPT_OUTPUT_FILE_0}\"\n";
			showEnvVarsInLog = 0;
		};
/* End PBXShellScriptBuildPhase section */

/* Begin PBXSourcesBuildPhase section */
		C0C995AF2989982D0048ED63 /* Sources */ = {
			isa = PBXSourcesBuildPhase;
			buildActionMask = 2147483647;
			files = (
				C0B71EF729927F9500FB3026 /* FeedCell.swift in Sources */,
				C0C995BB2989982D0048ED63 /* ViewController.swift in Sources */,
				C0C995B72989982D0048ED63 /* AppDelegate.swift in Sources */,
				C0B8FF5E29903B35005ACBE1 /* UploadViewController.swift in Sources */,
				C0B8FF5C29903B28005ACBE1 /* FeedViewController.swift in Sources */,
				C0C995B92989982D0048ED63 /* SceneDelegate.swift in Sources */,
				C0B8FF6029903B51005ACBE1 /* SettingsViewController.swift in Sources */,
			);
			runOnlyForDeploymentPostprocessing = 0;
		};
		C0D7E14E2993DC79006FE85C /* Sources */ = {
			isa = PBXSourcesBuildPhase;
			buildActionMask = 2147483647;
			files = (
				C0D7E1552993DC79006FE85C /* NotificationService.swift in Sources */,
			);
			runOnlyForDeploymentPostprocessing = 0;
		};
/* End PBXSourcesBuildPhase section */

/* Begin PBXTargetDependency section */
		C0D7E1582993DC79006FE85C /* PBXTargetDependency */ = {
			isa = PBXTargetDependency;
			target = C0D7E1512993DC79006FE85C /* OneSignalNotificationServiceExtension */;
			targetProxy = C0D7E1572993DC79006FE85C /* PBXContainerItemProxy */;
		};
/* End PBXTargetDependency section */

/* Begin PBXVariantGroup section */
		C0C995BC2989982D0048ED63 /* Main.storyboard */ = {
			isa = PBXVariantGroup;
			children = (
				C0C995BD2989982D0048ED63 /* Base */,
			);
			name = Main.storyboard;
			sourceTree = "<group>";
		};
		C0C995C12989982F0048ED63 /* LaunchScreen.storyboard */ = {
			isa = PBXVariantGroup;
			children = (
				C0C995C22989982F0048ED63 /* Base */,
			);
			name = LaunchScreen.storyboard;
			sourceTree = "<group>";
		};
/* End PBXVariantGroup section */

/* Begin XCBuildConfiguration section */
		C0C995C52989982F0048ED63 /* Debug */ = {
			isa = XCBuildConfiguration;
			buildSettings = {
				ALWAYS_SEARCH_USER_PATHS = NO;
				CLANG_ANALYZER_NONNULL = YES;
				CLANG_ANALYZER_NUMBER_OBJECT_CONVERSION = YES_AGGRESSIVE;
				CLANG_CXX_LANGUAGE_STANDARD = "gnu++20";
				CLANG_ENABLE_MODULES = YES;
				CLANG_ENABLE_OBJC_ARC = YES;
				CLANG_ENABLE_OBJC_WEAK = YES;
				CLANG_WARN_BLOCK_CAPTURE_AUTORELEASING = YES;
				CLANG_WARN_BOOL_CONVERSION = YES;
				CLANG_WARN_COMMA = YES;
				CLANG_WARN_CONSTANT_CONVERSION = YES;
				CLANG_WARN_DEPRECATED_OBJC_IMPLEMENTATIONS = YES;
				CLANG_WARN_DIRECT_OBJC_ISA_USAGE = YES_ERROR;
				CLANG_WARN_DOCUMENTATION_COMMENTS = YES;
				CLANG_WARN_EMPTY_BODY = YES;
				CLANG_WARN_ENUM_CONVERSION = YES;
				CLANG_WARN_INFINITE_RECURSION = YES;
				CLANG_WARN_INT_CONVERSION = YES;
				CLANG_WARN_NON_LITERAL_NULL_CONVERSION = YES;
				CLANG_WARN_OBJC_IMPLICIT_RETAIN_SELF = YES;
				CLANG_WARN_OBJC_LITERAL_CONVERSION = YES;
				CLANG_WARN_OBJC_ROOT_CLASS = YES_ERROR;
				CLANG_WARN_QUOTED_INCLUDE_IN_FRAMEWORK_HEADER = YES;
				CLANG_WARN_RANGE_LOOP_ANALYSIS = YES;
				CLANG_WARN_STRICT_PROTOTYPES = YES;
				CLANG_WARN_SUSPICIOUS_MOVE = YES;
				CLANG_WARN_UNGUARDED_AVAILABILITY = YES_AGGRESSIVE;
				CLANG_WARN_UNREACHABLE_CODE = YES;
				CLANG_WARN__DUPLICATE_METHOD_MATCH = YES;
				COPY_PHASE_STRIP = NO;
				DEBUG_INFORMATION_FORMAT = dwarf;
				ENABLE_STRICT_OBJC_MSGSEND = YES;
				ENABLE_TESTABILITY = YES;
				GCC_C_LANGUAGE_STANDARD = gnu11;
				GCC_DYNAMIC_NO_PIC = NO;
				GCC_NO_COMMON_BLOCKS = YES;
				GCC_OPTIMIZATION_LEVEL = 0;
				GCC_PREPROCESSOR_DEFINITIONS = (
					"DEBUG=1",
					"$(inherited)",
				);
				GCC_WARN_64_TO_32_BIT_CONVERSION = YES;
				GCC_WARN_ABOUT_RETURN_TYPE = YES_ERROR;
				GCC_WARN_UNDECLARED_SELECTOR = YES;
				GCC_WARN_UNINITIALIZED_AUTOS = YES_AGGRESSIVE;
				GCC_WARN_UNUSED_FUNCTION = YES;
				GCC_WARN_UNUSED_VARIABLE = YES;
				IPHONEOS_DEPLOYMENT_TARGET = 16.2;
				MTL_ENABLE_DEBUG_INFO = INCLUDE_SOURCE;
				MTL_FAST_MATH = YES;
				ONLY_ACTIVE_ARCH = YES;
				SDKROOT = iphoneos;
				SWIFT_ACTIVE_COMPILATION_CONDITIONS = DEBUG;
				SWIFT_OPTIMIZATION_LEVEL = "-Onone";
			};
			name = Debug;
		};
		C0C995C62989982F0048ED63 /* Release */ = {
			isa = XCBuildConfiguration;
			buildSettings = {
				ALWAYS_SEARCH_USER_PATHS = NO;
				CLANG_ANALYZER_NONNULL = YES;
				CLANG_ANALYZER_NUMBER_OBJECT_CONVERSION = YES_AGGRESSIVE;
				CLANG_CXX_LANGUAGE_STANDARD = "gnu++20";
				CLANG_ENABLE_MODULES = YES;
				CLANG_ENABLE_OBJC_ARC = YES;
				CLANG_ENABLE_OBJC_WEAK = YES;
				CLANG_WARN_BLOCK_CAPTURE_AUTORELEASING = YES;
				CLANG_WARN_BOOL_CONVERSION = YES;
				CLANG_WARN_COMMA = YES;
				CLANG_WARN_CONSTANT_CONVERSION = YES;
				CLANG_WARN_DEPRECATED_OBJC_IMPLEMENTATIONS = YES;
				CLANG_WARN_DIRECT_OBJC_ISA_USAGE = YES_ERROR;
				CLANG_WARN_DOCUMENTATION_COMMENTS = YES;
				CLANG_WARN_EMPTY_BODY = YES;
				CLANG_WARN_ENUM_CONVERSION = YES;
				CLANG_WARN_INFINITE_RECURSION = YES;
				CLANG_WARN_INT_CONVERSION = YES;
				CLANG_WARN_NON_LITERAL_NULL_CONVERSION = YES;
				CLANG_WARN_OBJC_IMPLICIT_RETAIN_SELF = YES;
				CLANG_WARN_OBJC_LITERAL_CONVERSION = YES;
				CLANG_WARN_OBJC_ROOT_CLASS = YES_ERROR;
				CLANG_WARN_QUOTED_INCLUDE_IN_FRAMEWORK_HEADER = YES;
				CLANG_WARN_RANGE_LOOP_ANALYSIS = YES;
				CLANG_WARN_STRICT_PROTOTYPES = YES;
				CLANG_WARN_SUSPICIOUS_MOVE = YES;
				CLANG_WARN_UNGUARDED_AVAILABILITY = YES_AGGRESSIVE;
				CLANG_WARN_UNREACHABLE_CODE = YES;
				CLANG_WARN__DUPLICATE_METHOD_MATCH = YES;
				COPY_PHASE_STRIP = NO;
				DEBUG_INFORMATION_FORMAT = "dwarf-with-dsym";
				ENABLE_NS_ASSERTIONS = NO;
				ENABLE_STRICT_OBJC_MSGSEND = YES;
				GCC_C_LANGUAGE_STANDARD = gnu11;
				GCC_NO_COMMON_BLOCKS = YES;
				GCC_WARN_64_TO_32_BIT_CONVERSION = YES;
				GCC_WARN_ABOUT_RETURN_TYPE = YES_ERROR;
				GCC_WARN_UNDECLARED_SELECTOR = YES;
				GCC_WARN_UNINITIALIZED_AUTOS = YES_AGGRESSIVE;
				GCC_WARN_UNUSED_FUNCTION = YES;
				GCC_WARN_UNUSED_VARIABLE = YES;
				IPHONEOS_DEPLOYMENT_TARGET = 16.2;
				MTL_ENABLE_DEBUG_INFO = NO;
				MTL_FAST_MATH = YES;
				SDKROOT = iphoneos;
				SWIFT_COMPILATION_MODE = wholemodule;
				SWIFT_OPTIMIZATION_LEVEL = "-O";
				VALIDATE_PRODUCT = YES;
			};
			name = Release;
		};
		C0C995C82989982F0048ED63 /* Debug */ = {
			isa = XCBuildConfiguration;
			baseConfigurationReference = 33DF6E8CC6D0BB1D116BF72B /* Pods-workshop_swift_ig_clone.debug.xcconfig */;
			buildSettings = {
				ALWAYS_EMBED_SWIFT_STANDARD_LIBRARIES = YES;
				ASSETCATALOG_COMPILER_APPICON_NAME = AppIcon;
				ASSETCATALOG_COMPILER_GLOBAL_ACCENT_COLOR_NAME = AccentColor;
				CODE_SIGN_ENTITLEMENTS = workshop_swift_ig_clone/workshop_swift_ig_clone.entitlements;
				CODE_SIGN_STYLE = Automatic;
				CURRENT_PROJECT_VERSION = 1;
				DEVELOPMENT_TEAM = S3BYYZPAW2;
				GENERATE_INFOPLIST_FILE = YES;
				INFOPLIST_FILE = workshop_swift_ig_clone/Info.plist;
				INFOPLIST_KEY_NSPhotoLibraryUsageDescription = "To be able to upload to server";
				INFOPLIST_KEY_UIApplicationSupportsIndirectInputEvents = YES;
				INFOPLIST_KEY_UILaunchStoryboardName = LaunchScreen;
				INFOPLIST_KEY_UIMainStoryboardFile = Main;
				INFOPLIST_KEY_UISupportedInterfaceOrientations_iPad = "UIInterfaceOrientationPortrait UIInterfaceOrientationPortraitUpsideDown UIInterfaceOrientationLandscapeLeft UIInterfaceOrientationLandscapeRight";
				INFOPLIST_KEY_UISupportedInterfaceOrientations_iPhone = "UIInterfaceOrientationPortrait UIInterfaceOrientationLandscapeLeft UIInterfaceOrientationLandscapeRight";
				LD_RUNPATH_SEARCH_PATHS = (
					"$(inherited)",
					"@executable_path/Frameworks",
				);
				MARKETING_VERSION = 1.0;
				PRODUCT_BUNDLE_IDENTIFIER = "com.lekadesignandapps.workshop-swift-ig-clone";
				PRODUCT_NAME = "$(TARGET_NAME)";
				SWIFT_EMIT_LOC_STRINGS = YES;
				SWIFT_VERSION = 5.0;
				TARGETED_DEVICE_FAMILY = "1,2";
			};
			name = Debug;
		};
		C0C995C92989982F0048ED63 /* Release */ = {
			isa = XCBuildConfiguration;
			baseConfigurationReference = 90241E5CDDF5FA374EF65698 /* Pods-workshop_swift_ig_clone.release.xcconfig */;
			buildSettings = {
				ALWAYS_EMBED_SWIFT_STANDARD_LIBRARIES = YES;
				ASSETCATALOG_COMPILER_APPICON_NAME = AppIcon;
				ASSETCATALOG_COMPILER_GLOBAL_ACCENT_COLOR_NAME = AccentColor;
				CODE_SIGN_ENTITLEMENTS = workshop_swift_ig_clone/workshop_swift_ig_clone.entitlements;
				CODE_SIGN_STYLE = Automatic;
				CURRENT_PROJECT_VERSION = 1;
				DEVELOPMENT_TEAM = S3BYYZPAW2;
				GENERATE_INFOPLIST_FILE = YES;
				INFOPLIST_FILE = workshop_swift_ig_clone/Info.plist;
				INFOPLIST_KEY_NSPhotoLibraryUsageDescription = "To be able to upload to server";
				INFOPLIST_KEY_UIApplicationSupportsIndirectInputEvents = YES;
				INFOPLIST_KEY_UILaunchStoryboardName = LaunchScreen;
				INFOPLIST_KEY_UIMainStoryboardFile = Main;
				INFOPLIST_KEY_UISupportedInterfaceOrientations_iPad = "UIInterfaceOrientationPortrait UIInterfaceOrientationPortraitUpsideDown UIInterfaceOrientationLandscapeLeft UIInterfaceOrientationLandscapeRight";
				INFOPLIST_KEY_UISupportedInterfaceOrientations_iPhone = "UIInterfaceOrientationPortrait UIInterfaceOrientationLandscapeLeft UIInterfaceOrientationLandscapeRight";
				LD_RUNPATH_SEARCH_PATHS = (
					"$(inherited)",
					"@executable_path/Frameworks",
				);
				MARKETING_VERSION = 1.0;
				PRODUCT_BUNDLE_IDENTIFIER = "com.lekadesignandapps.workshop-swift-ig-clone";
				PRODUCT_NAME = "$(TARGET_NAME)";
				SWIFT_EMIT_LOC_STRINGS = YES;
				SWIFT_VERSION = 5.0;
				TARGETED_DEVICE_FAMILY = "1,2";
			};
			name = Release;
		};
		C0D7E15B2993DC79006FE85C /* Debug */ = {
			isa = XCBuildConfiguration;
			baseConfigurationReference = 9ECF8DF63A8DDE09F11B1D5C /* Pods-workshop_swift_ig_clone-OneSignalNotificationServiceExtension.debug.xcconfig */;
			buildSettings = {
				CODE_SIGN_ENTITLEMENTS = OneSignalNotificationServiceExtension/OneSignalNotificationServiceExtension.entitlements;
				CODE_SIGN_STYLE = Automatic;
				CURRENT_PROJECT_VERSION = 1;
				DEVELOPMENT_TEAM = S3BYYZPAW2;
				GENERATE_INFOPLIST_FILE = YES;
				INFOPLIST_FILE = OneSignalNotificationServiceExtension/Info.plist;
				INFOPLIST_KEY_CFBundleDisplayName = OneSignalNotificationServiceExtension;
				INFOPLIST_KEY_NSHumanReadableCopyright = "";
				LD_RUNPATH_SEARCH_PATHS = (
					"$(inherited)",
					"@executable_path/Frameworks",
					"@executable_path/../../Frameworks",
				);
				MARKETING_VERSION = 1.0;
				PRODUCT_BUNDLE_IDENTIFIER = "com.lekadesignandapps.workshop-swift-ig-clone.OneSignalNotificationServiceExtension";
				PRODUCT_NAME = "$(TARGET_NAME)";
				SKIP_INSTALL = YES;
				SWIFT_EMIT_LOC_STRINGS = YES;
				SWIFT_VERSION = 5.0;
				TARGETED_DEVICE_FAMILY = "1,2";
			};
			name = Debug;
		};
		C0D7E15C2993DC79006FE85C /* Release */ = {
			isa = XCBuildConfiguration;
			baseConfigurationReference = 0EBCA799C2F8C90F2F815D08 /* Pods-workshop_swift_ig_clone-OneSignalNotificationServiceExtension.release.xcconfig */;
			buildSettings = {
				CODE_SIGN_ENTITLEMENTS = OneSignalNotificationServiceExtension/OneSignalNotificationServiceExtension.entitlements;
				CODE_SIGN_STYLE = Automatic;
				CURRENT_PROJECT_VERSION = 1;
				DEVELOPMENT_TEAM = S3BYYZPAW2;
				GENERATE_INFOPLIST_FILE = YES;
				INFOPLIST_FILE = OneSignalNotificationServiceExtension/Info.plist;
				INFOPLIST_KEY_CFBundleDisplayName = OneSignalNotificationServiceExtension;
				INFOPLIST_KEY_NSHumanReadableCopyright = "";
				LD_RUNPATH_SEARCH_PATHS = (
					"$(inherited)",
					"@executable_path/Frameworks",
					"@executable_path/../../Frameworks",
				);
				MARKETING_VERSION = 1.0;
				PRODUCT_BUNDLE_IDENTIFIER = "com.lekadesignandapps.workshop-swift-ig-clone.OneSignalNotificationServiceExtension";
				PRODUCT_NAME = "$(TARGET_NAME)";
				SKIP_INSTALL = YES;
				SWIFT_EMIT_LOC_STRINGS = YES;
				SWIFT_VERSION = 5.0;
				TARGETED_DEVICE_FAMILY = "1,2";
			};
			name = Release;
		};
/* End XCBuildConfiguration section */

/* Begin XCConfigurationList section */
		C0C995AE2989982D0048ED63 /* Build configuration list for PBXProject "workshop_swift_ig_clone" */ = {
			isa = XCConfigurationList;
			buildConfigurations = (
				C0C995C52989982F0048ED63 /* Debug */,
				C0C995C62989982F0048ED63 /* Release */,
			);
			defaultConfigurationIsVisible = 0;
			defaultConfigurationName = Release;
		};
		C0C995C72989982F0048ED63 /* Build configuration list for PBXNativeTarget "workshop_swift_ig_clone" */ = {
			isa = XCConfigurationList;
			buildConfigurations = (
				C0C995C82989982F0048ED63 /* Debug */,
				C0C995C92989982F0048ED63 /* Release */,
			);
			defaultConfigurationIsVisible = 0;
			defaultConfigurationName = Release;
		};
		C0D7E15D2993DC79006FE85C /* Build configuration list for PBXNativeTarget "OneSignalNotificationServiceExtension" */ = {
			isa = XCConfigurationList;
			buildConfigurations = (
				C0D7E15B2993DC79006FE85C /* Debug */,
				C0D7E15C2993DC79006FE85C /* Release */,
			);
			defaultConfigurationIsVisible = 0;
			defaultConfigurationName = Release;
		};
/* End XCConfigurationList section */
	};
	rootObject = C0C995AB2989982D0048ED63 /* Project object */;
}
